
Microsoft Visual Studio Solution File, Format Version 12.00
# Visual Studio Version 17
VisualStudioVersion = 17.11.35327.3
MinimumVisualStudioVersion = 10.0.40219.1
Project("{FAE04EC0-301F-11D3-BF4B-00C04F79EFBC}") = "ClassDiary", "ClassDiary\ClassDiary.csproj", "{765C93F1-3058-4DB6-BE6C-6A21E70E7713}"
EndProject
Global
	GlobalSection(SolutionConfigurationPlatforms) = preSolution
		Debug|Any CPU = Debug|Any CPU
		Release|Any CPU = Release|Any CPU
	EndGlobalSection
	GlobalSection(ProjectConfigurationPlatforms) = postSolution
		{765C93F1-3058-4DB6-BE6C-6A21E70E7713}.Debug|Any CPU.ActiveCfg = Debug|Any CPU
		{765C93F1-3058-4DB6-BE6C-6A21E70E7713}.Debug|Any CPU.Build.0 = Debug|Any CPU
		{765C93F1-3058-4DB6-BE6C-6A21E70E7713}.Release|Any CPU.ActiveCfg = Release|Any CPU
		{765C93F1-3058-4DB6-BE6C-6A21E70E7713}.Release|Any CPU.Build.0 = Release|Any CPU
	EndGlobalSection
	GlobalSection(SolutionProperties) = preSolution
		HideSolutionNode = FALSE
	EndGlobalSection
	GlobalSection(ExtensibilityGlobals) = postSolution
		SolutionGuid = {16F0D107-16C6-41F1-BDD8-EB3CB1F1EC20}
	EndGlobalSection
EndGlobal
